
Microsoft Visual Studio Solution File, Format Version 12.00
# Visual Studio Version 16
VisualStudioVersion = 16.0.30001.183
MinimumVisualStudioVersion = 10.0.40219.1
Project("{9A19103F-16F7-4668-BE54-9A1E7A4F7556}") = "AnsiC", "AnsiC\AnsiC.csproj", "{E7496C6B-6FC9-4D59-A901-5399A0625DE8}"
EndProject
Project("{9A19103F-16F7-4668-BE54-9A1E7A4F7556}") = "Tests", "Tests\Tests.csproj", "{085031B6-270D-437B-B163-7B3D02AE3E00}"
EndProject
Project("{9A19103F-16F7-4668-BE54-9A1E7A4F7556}") = "Server", "Server\Server.csproj", "{18CDCD14-9130-4406-B2D6-9E09872CE29F}"
EndProject
Global
	GlobalSection(SolutionConfigurationPlatforms) = preSolution
		Debug|Any CPU = Debug|Any CPU
		Release|Any CPU = Release|Any CPU
	EndGlobalSection
	GlobalSection(ProjectConfigurationPlatforms) = postSolution
		{E7496C6B-6FC9-4D59-A901-5399A0625DE8}.Debug|Any CPU.ActiveCfg = Debug|Any CPU
		{E7496C6B-6FC9-4D59-A901-5399A0625DE8}.Debug|Any CPU.Build.0 = Debug|Any CPU
		{E7496C6B-6FC9-4D59-A901-5399A0625DE8}.Release|Any CPU.ActiveCfg = Release|Any CPU
		{E7496C6B-6FC9-4D59-A901-5399A0625DE8}.Release|Any CPU.Build.0 = Release|Any CPU
		{085031B6-270D-437B-B163-7B3D02AE3E00}.Debug|Any CPU.ActiveCfg = Debug|Any CPU
		{085031B6-270D-437B-B163-7B3D02AE3E00}.Debug|Any CPU.Build.0 = Debug|Any CPU
		{085031B6-270D-437B-B163-7B3D02AE3E00}.Release|Any CPU.ActiveCfg = Release|Any CPU
		{085031B6-270D-437B-B163-7B3D02AE3E00}.Release|Any CPU.Build.0 = Release|Any CPU
		{18CDCD14-9130-4406-B2D6-9E09872CE29F}.Debug|Any CPU.ActiveCfg = Debug|Any CPU
		{18CDCD14-9130-4406-B2D6-9E09872CE29F}.Debug|Any CPU.Build.0 = Debug|Any CPU
		{18CDCD14-9130-4406-B2D6-9E09872CE29F}.Release|Any CPU.ActiveCfg = Release|Any CPU
		{18CDCD14-9130-4406-B2D6-9E09872CE29F}.Release|Any CPU.Build.0 = Release|Any CPU
	EndGlobalSection
	GlobalSection(SolutionProperties) = preSolution
		HideSolutionNode = FALSE
	EndGlobalSection
	GlobalSection(ExtensibilityGlobals) = postSolution
		SolutionGuid = {822ED3B2-D2F3-4526-B680-B9208263F690}
	EndGlobalSection
EndGlobal
